PODS:
  - Cuckoo (0.12.0)
  - iOSSnapshotTestCase (4.0.0):
    - iOSSnapshotTestCase/SwiftSupport (= 4.0.0)
  - iOSSnapshotTestCase/Core (4.0.0)
  - iOSSnapshotTestCase/SwiftSupport (4.0.0):
    - iOSSnapshotTestCase/Core

DEPENDENCIES:
  - Cuckoo
  - iOSSnapshotTestCase

SPEC REPOS:
  https://github.com/cocoapods/specs.git:
    - Cuckoo
    - iOSSnapshotTestCase

SPEC CHECKSUMS:
  Cuckoo: d30b6c149e52ffbcfe6b4a9543e4627d08947274
  iOSSnapshotTestCase: 711379b19f69a22c131527df862352c877c2773c

PODFILE CHECKSUM: cc272e2a7f5ac873ce92ab26871459599cd0dd71

COCOAPODS: 1.6.1
